<Solution>
  <Folder Name="/src/">
    <Project Path="src/OnboardingDiary.Api/OnboardingDiary.Api.csproj" />
  </Folder>
  <Folder Name="/tests/">
    <Project Path="tests/OnboardingDiary.IntegrationTests/OnboardingDiary.IntegrationTests.csproj" />
    <Project Path="tests/OnboardingDiary.UnitTests/OnboardingDiary.UnitTests.csproj" />
  </Folder>
</Solution>
